# Generated for CPython 3.13 on linux/amd64 and linux/arm64.
# Install with --only-binary=:all: --require-hashes.
asttokens==3.0.2 \
    --hash=sha256:9da13157f5b28becde0bd374fc677dcd3c290614264eff096f167c469cd9f933
contourpy==1.3.3 \
    --hash=sha256:348ac1f5d4f1d66d3322420f01d42e43122f43616e0f194fc1c9f5d830c5b286 \
    --hash=sha256:4debd64f124ca62069f313a9cb86656ff087786016d76927ae2cf37846b006c9
cycler==0.12.1 \
    --hash=sha256:85cef7cff222d8644161529808465972e51340599459b8ac3ccbac5a854e0d30
decorator==5.3.1 \
    --hash=sha256:f47fe6fdbd2edd623ecfe36875d37aba411624e2670dd395dddae1358689bb3c
executing==2.2.1 \
    --hash=sha256:760643d3452b4d777d295bb167ccc74c64a81df23fb5e08eff250c425a4b2017
fonttools==4.63.0 \
    --hash=sha256:1e874792a8212b44583ea02189d9e693906b2f78b261f372f95d6c563210ac1d \
    --hash=sha256:22135da48a348785c5e2d5d2d9d6bec5ed44adacbaeb9db12d9493bf6c6bfa68
ipython==9.15.0 \
    --hash=sha256:515ad9c3cdf0c932a5a9f6245419e8aba706b7bd03c3e1d3a1c83d9351d6aa6e
ipython-pygments-lexers==1.1.1 \
    --hash=sha256:a9462224a505ade19a605f71f8fa63c2048833ce50abc86768a0d81d876dc81c
jedi==0.20.0 \
    --hash=sha256:7bdd9c2634f56713299976f4cbd59cb3fa92165cc5e05ea811fb253480728b67
kiwisolver==1.5.0 \
    --hash=sha256:0c50b89ffd3e1a911c69a1dd3de7173c0cd10b130f56222e57898683841e4f96 \
    --hash=sha256:332b4f0145c30b5f5ad9374881133e5aa64320428a57c2c2b61e9d891a51c2f3
matplotlib==3.11.0 \
    --hash=sha256:126f256df600652d7e4b394cf3164ff75210a00038f287c95a012a6f58d0e83f \
    --hash=sha256:be152b7570324dc8d01574cc9474dd2d803237acf528bcbb5b211fa347461a09
matplotlib-inline==0.2.2 \
    --hash=sha256:3c821cf1c209f59fb2d2d64abbf5b23b67bcb2210d663f9918dd851c6da1fcf6
numpy==2.4.6 \
    --hash=sha256:72fbe16c6fac95aedf5937fa873445cec2110be35d8a4e9433d7501fd98dae6b \
    --hash=sha256:a7830bab239b79cda9c08c2da014761cafb48da6150e1da17ac06283f43b6089
packaging==26.2 \
    --hash=sha256:5fc45236b9446107ff2415ce77c807cee2862cb6fac22b8a73826d0693b0980e
pandas==3.0.3 \
    --hash=sha256:a4eeb6830daf35a71cc09649bd823e2b542dac246cdee9614c6e4bd65028cd6a \
    --hash=sha256:d4be06d68f9ddcfc645b87534911da79a8fbffc7573c80e0edcf42a5020624d8
parso==0.8.7 \
    --hash=sha256:a8926eb2a1b915486941fdbd31e86a4baf88fe8c210f25f2f35ecec5b574ca1c
pexpect==4.9.0 \
    --hash=sha256:7236d1e080e4936be2dc3e326cec0af72acf9212a7e1d060210e70a47e253523
pillow==12.3.0 \
    --hash=sha256:0847a763afefb695bc912d7c131e7e0632d4edc1d8698f58ddabec8e46b8b6d3 \
    --hash=sha256:f7401aebd7f581d7f83a439d87d474999317ee099218e5ad25d125290990ba65
prompt-toolkit==3.0.52 \
    --hash=sha256:9aac639a3bbd33284347de5ad8d68ecc044b91a762dc39b7c21095fcd6a19955
psutil==7.2.2 \
    --hash=sha256:076a2d2f923fd4821644f5ba89f059523da90dc9014e85f8e45a5774ca5bc6f9 \
    --hash=sha256:b0726cecd84f9474419d67252add4ac0cd9811b04d61123054b9fb6f57df6e9e
ptyprocess==0.7.0 \
    --hash=sha256:4b41f3967fce3af57cc7e94b888626c18bf37a083e3651ca8feeb66d492fef35
pure-eval==0.2.3 \
    --hash=sha256:1db8e35b67b3d218d818ae653e27f06c3aa420901fa7b081ca98cbedc874e0d0
pygments==2.20.0 \
    --hash=sha256:81a9e26dd42fd28a23a2d169d86d7ac03b46e2f8b59ed4698fb4785f946d0176
pyparsing==3.3.2 \
    --hash=sha256:850ba148bd908d7e2411587e247a1e4f0327839c40e2e5e6d05a007ecc69911d
python-dateutil==2.9.0.post0 \
    --hash=sha256:a8b2bc7bffae282281c8140a97d3aa9c14da0b136dfe83f850eea9a5f7470427
six==1.17.0 \
    --hash=sha256:4721f391ed90541fddacab5acf947aa0d3dc7d27b2e1e8eda2be8970586c3274
stack-data==0.6.3 \
    --hash=sha256:d5558e0c25a4cb0853cddad3d77da9891a08cb85dd9f9f91b9f8cd66e511e695
traitlets==5.15.1 \
    --hash=sha256:770a53705f84b81ac107e83a1b3328ff2dae16094d8fc3cfc004e4b22dfd8e92
wcwidth==0.8.2 \
    --hash=sha256:d63947694a0539a1d51e01eda7caf800c291020e6cdd7e28ad7b14dd33ad4f85
